
Microsoft Visual Studio Solution File, Format Version 12.00
# Visual Studio Version 16
VisualStudioVersion = 16.0.31624.102
MinimumVisualStudioVersion = 10.0.40219.1
Project("{2150E333-8FDC-42A3-9474-1A3956D46DE8}") = "src", "src", "{E0C979A9-5241-4BCD-8AE1-15B181672AD5}"
EndProject
Project("{2150E333-8FDC-42A3-9474-1A3956D46DE8}") = "tests", "tests", "{C1117BB3-8A69-4D13-A389-8103944C018D}"
EndProject
Project("{2150E333-8FDC-42A3-9474-1A3956D46DE8}") = "BuildingBlocks", "BuildingBlocks", "{DAD236E5-51DC-4192-A759-4BCBD98044D0}"
EndProject
Project("{2150E333-8FDC-42A3-9474-1A3956D46DE8}") = "Services", "Services", "{4D6B98BE-822A-460E-A8DD-E948761C6490}"
EndProject
Project("{2150E333-8FDC-42A3-9474-1A3956D46DE8}") = "Core", "Core", "{526A74D5-2887-49E2-A950-4F7048E74EE2}"
EndProject
Project("{FAE04EC0-301F-11D3-BF4B-00C04F79EFBC}") = "NSE.Core", "src\BuildingBlocks\NSE.Core\NSE.Core.csproj", "{B73F6A80-1D49-4A71-B63A-2C0388D07938}"
EndProject
Project("{2150E333-8FDC-42A3-9474-1A3956D46DE8}") = "Identidade", "Identidade", "{26EC9A07-4C1C-4791-9A00-DA34CF45B1D6}"
EndProject
Project("{FAE04EC0-301F-11D3-BF4B-00C04F79EFBC}") = "NSE.Identidade.API", "src\Services\Identidade\NSE.Identidade.API\NSE.Identidade.API.csproj", "{F7913B68-AAAA-40B3-8B84-926BEE2FD45F}"
EndProject
Project("{2150E333-8FDC-42A3-9474-1A3956D46DE8}") = "Carrinho", "Carrinho", "{8426F6D6-2C97-4492-8AF4-E52044E50112}"
EndProject
Project("{FAE04EC0-301F-11D3-BF4B-00C04F79EFBC}") = "NSE.Carrinho.API", "src\Services\Carrinho\NSE.Carrinho.API\NSE.Carrinho.API.csproj", "{BF254CAA-98AF-4F99-8DBE-9F2B173EE3B6}"
EndProject
Project("{2150E333-8FDC-42A3-9474-1A3956D46DE8}") = "Catalogo", "Catalogo", "{E99DDD76-1062-4CEA-AFFC-1AEB8D2F6720}"
EndProject
Project("{FAE04EC0-301F-11D3-BF4B-00C04F79EFBC}") = "NSE.Catalogo.API", "src\Services\Catalogo\NSE.Catalogo.API\NSE.Catalogo.API.csproj", "{2E24F6FA-7B88-4FAA-B41C-197C87E0FD2B}"
EndProject
Project("{2150E333-8FDC-42A3-9474-1A3956D46DE8}") = "Cliente", "Cliente", "{120FEC5C-294C-4475-AA47-6B50CB69EE20}"
EndProject
Project("{FAE04EC0-301F-11D3-BF4B-00C04F79EFBC}") = "NSE.Cliente.API", "src\Services\Cliente\NSE.Cliente.API\NSE.Cliente.API.csproj", "{82B51EA4-A3BF-4C3F-92B7-8342A8CE2E60}"
EndProject
Project("{2150E333-8FDC-42A3-9474-1A3956D46DE8}") = "Pagamento", "Pagamento", "{F8692558-408A-4ABC-B6EF-BECD79E52407}"
EndProject
Project("{2150E333-8FDC-42A3-9474-1A3956D46DE8}") = "Pedido", "Pedido", "{FBF336E5-A135-4555-9C03-63F660FAF77B}"
EndProject
Project("{FAE04EC0-301F-11D3-BF4B-00C04F79EFBC}") = "NSE.Pagamento.API", "src\Services\Pagamento\NSE.Pagamento.API\NSE.Pagamento.API.csproj", "{81F8D623-ADCC-4651-9F90-1EE71EDE74D4}"
EndProject
Project("{FAE04EC0-301F-11D3-BF4B-00C04F79EFBC}") = "NSE.Pedido.API", "src\Services\Pedido\NSE.Pedido.API\NSE.Pedido.API.csproj", "{C2CF02F4-B245-47C4-8E8C-241439B12EBC}"
EndProject
Global
	GlobalSection(SolutionConfigurationPlatforms) = preSolution
		Debug|Any CPU = Debug|Any CPU
		Release|Any CPU = Release|Any CPU
	EndGlobalSection
	GlobalSection(ProjectConfigurationPlatforms) = postSolution
		{B73F6A80-1D49-4A71-B63A-2C0388D07938}.Debug|Any CPU.ActiveCfg = Debug|Any CPU
		{B73F6A80-1D49-4A71-B63A-2C0388D07938}.Debug|Any CPU.Build.0 = Debug|Any CPU
		{B73F6A80-1D49-4A71-B63A-2C0388D07938}.Release|Any CPU.ActiveCfg = Release|Any CPU
		{B73F6A80-1D49-4A71-B63A-2C0388D07938}.Release|Any CPU.Build.0 = Release|Any CPU
		{F7913B68-AAAA-40B3-8B84-926BEE2FD45F}.Debug|Any CPU.ActiveCfg = Debug|Any CPU
		{F7913B68-AAAA-40B3-8B84-926BEE2FD45F}.Debug|Any CPU.Build.0 = Debug|Any CPU
		{F7913B68-AAAA-40B3-8B84-926BEE2FD45F}.Release|Any CPU.ActiveCfg = Release|Any CPU
		{F7913B68-AAAA-40B3-8B84-926BEE2FD45F}.Release|Any CPU.Build.0 = Release|Any CPU
		{BF254CAA-98AF-4F99-8DBE-9F2B173EE3B6}.Debug|Any CPU.ActiveCfg = Debug|Any CPU
		{BF254CAA-98AF-4F99-8DBE-9F2B173EE3B6}.Debug|Any CPU.Build.0 = Debug|Any CPU
		{BF254CAA-98AF-4F99-8DBE-9F2B173EE3B6}.Release|Any CPU.ActiveCfg = Release|Any CPU
		{BF254CAA-98AF-4F99-8DBE-9F2B173EE3B6}.Release|Any CPU.Build.0 = Release|Any CPU
		{2E24F6FA-7B88-4FAA-B41C-197C87E0FD2B}.Debug|Any CPU.ActiveCfg = Debug|Any CPU
		{2E24F6FA-7B88-4FAA-B41C-197C87E0FD2B}.Debug|Any CPU.Build.0 = Debug|Any CPU
		{2E24F6FA-7B88-4FAA-B41C-197C87E0FD2B}.Release|Any CPU.ActiveCfg = Release|Any CPU
		{2E24F6FA-7B88-4FAA-B41C-197C87E0FD2B}.Release|Any CPU.Build.0 = Release|Any CPU
		{82B51EA4-A3BF-4C3F-92B7-8342A8CE2E60}.Debug|Any CPU.ActiveCfg = Debug|Any CPU
		{82B51EA4-A3BF-4C3F-92B7-8342A8CE2E60}.Debug|Any CPU.Build.0 = Debug|Any CPU
		{82B51EA4-A3BF-4C3F-92B7-8342A8CE2E60}.Release|Any CPU.ActiveCfg = Release|Any CPU
		{82B51EA4-A3BF-4C3F-92B7-8342A8CE2E60}.Release|Any CPU.Build.0 = Release|Any CPU
		{81F8D623-ADCC-4651-9F90-1EE71EDE74D4}.Debug|Any CPU.ActiveCfg = Debug|Any CPU
		{81F8D623-ADCC-4651-9F90-1EE71EDE74D4}.Debug|Any CPU.Build.0 = Debug|Any CPU
		{81F8D623-ADCC-4651-9F90-1EE71EDE74D4}.Release|Any CPU.ActiveCfg = Release|Any CPU
		{81F8D623-ADCC-4651-9F90-1EE71EDE74D4}.Release|Any CPU.Build.0 = Release|Any CPU
		{C2CF02F4-B245-47C4-8E8C-241439B12EBC}.Debug|Any CPU.ActiveCfg = Debug|Any CPU
		{C2CF02F4-B245-47C4-8E8C-241439B12EBC}.Debug|Any CPU.Build.0 = Debug|Any CPU
		{C2CF02F4-B245-47C4-8E8C-241439B12EBC}.Release|Any CPU.ActiveCfg = Release|Any CPU
		{C2CF02F4-B245-47C4-8E8C-241439B12EBC}.Release|Any CPU.Build.0 = Release|Any CPU
	EndGlobalSection
	GlobalSection(SolutionProperties) = preSolution
		HideSolutionNode = FALSE
	EndGlobalSection
	GlobalSection(NestedProjects) = preSolution
		{DAD236E5-51DC-4192-A759-4BCBD98044D0} = {E0C979A9-5241-4BCD-8AE1-15B181672AD5}
		{4D6B98BE-822A-460E-A8DD-E948761C6490} = {E0C979A9-5241-4BCD-8AE1-15B181672AD5}
		{526A74D5-2887-49E2-A950-4F7048E74EE2} = {DAD236E5-51DC-4192-A759-4BCBD98044D0}
		{B73F6A80-1D49-4A71-B63A-2C0388D07938} = {526A74D5-2887-49E2-A950-4F7048E74EE2}
		{26EC9A07-4C1C-4791-9A00-DA34CF45B1D6} = {4D6B98BE-822A-460E-A8DD-E948761C6490}
		{F7913B68-AAAA-40B3-8B84-926BEE2FD45F} = {26EC9A07-4C1C-4791-9A00-DA34CF45B1D6}
		{8426F6D6-2C97-4492-8AF4-E52044E50112} = {4D6B98BE-822A-460E-A8DD-E948761C6490}
		{BF254CAA-98AF-4F99-8DBE-9F2B173EE3B6} = {8426F6D6-2C97-4492-8AF4-E52044E50112}
		{E99DDD76-1062-4CEA-AFFC-1AEB8D2F6720} = {4D6B98BE-822A-460E-A8DD-E948761C6490}
		{2E24F6FA-7B88-4FAA-B41C-197C87E0FD2B} = {E99DDD76-1062-4CEA-AFFC-1AEB8D2F6720}
		{120FEC5C-294C-4475-AA47-6B50CB69EE20} = {4D6B98BE-822A-460E-A8DD-E948761C6490}
		{82B51EA4-A3BF-4C3F-92B7-8342A8CE2E60} = {120FEC5C-294C-4475-AA47-6B50CB69EE20}
		{F8692558-408A-4ABC-B6EF-BECD79E52407} = {4D6B98BE-822A-460E-A8DD-E948761C6490}
		{FBF336E5-A135-4555-9C03-63F660FAF77B} = {4D6B98BE-822A-460E-A8DD-E948761C6490}
		{81F8D623-ADCC-4651-9F90-1EE71EDE74D4} = {F8692558-408A-4ABC-B6EF-BECD79E52407}
		{C2CF02F4-B245-47C4-8E8C-241439B12EBC} = {FBF336E5-A135-4555-9C03-63F660FAF77B}
	EndGlobalSection
	GlobalSection(ExtensibilityGlobals) = postSolution
		SolutionGuid = {329CF599-46CF-4EA5-BE34-C0292720C731}
	EndGlobalSection
EndGlobal
